{
  "name": "JobbiApp",
  "lockfileVersion": 2,
  "requires": true,
  "packages": {
    "": {
      "devDependencies": {
        "prettier": "^3.1.1",
        "turbo": "latest"
      },
      "engines": {
        "node": ">=18"
      }
    },
    "node_modules/prettier": {
      "version": "3.2.5",
      "resolved": "https://registry.npmjs.org/prettier/-/prettier-3.2.5.tgz",
      "integrity": "sha512-3/GWa9aOC0YeD7LUfvOG2NiDyhOWRvt1k+rcKhOuYnMY24iiCphgneUfJDyFXd6rZCAnuLBv6UeAULtrhT/F4A==",
      "dev": true,
      "bin": {
        "prettier": "bin/prettier.cjs"
      },
      "engines": {
        "node": ">=14"
      },
      "funding": {
        "url": "https://github.com/prettier/prettier?sponsor=1"
      }
    },
    "node_modules/turbo": {
      "version": "1.12.3",
      "resolved": "https://registry.npmjs.org/turbo/-/turbo-1.12.3.tgz",
      "integrity": "sha512-a6q8I0TK9ohACYbkmxzG/JYPuDC4VCvfmXLTlf321qQ4BIAhoyaOj/O2g+zJ6L1vNYnZ82G4LrbMfgLLngbLsg==",
      "dev": true,
      "bin": {
        "turbo": "bin/turbo"
      },
      "optionalDependencies": {
        "turbo-darwin-64": "1.12.3",
        "turbo-darwin-arm64": "1.12.3",
        "turbo-linux-64": "1.12.3",
        "turbo-linux-arm64": "1.12.3",
        "turbo-windows-64": "1.12.3",
        "turbo-windows-arm64": "1.12.3"
      }
    },
    "node_modules/turbo-darwin-64": {
      "version": "1.12.3",
      "resolved": "https://registry.npmjs.org/turbo-darwin-64/-/turbo-darwin-64-1.12.3.tgz",
      "integrity": "sha512-dDglIaux+A4jOnB9CDH69sujmrnuLJLrKw1t3J+if6ySlFuxSwC++gDq9TVuOZo2+S7lFkGh+x5ytn3wp+jE8Q==",
      "cpu": [
        "x64"
      ],
      "dev": true,
      "optional": true,
      "os": [
        "darwin"
      ]
    },
    "node_modules/turbo-darwin-arm64": {
      "version": "1.12.3",
      "resolved": "https://registry.npmjs.org/turbo-darwin-arm64/-/turbo-darwin-arm64-1.12.3.tgz",
      "integrity": "sha512-5TqqeujEyHMoVUWGzSzUl5ERSg7HDCdbU3gBs5ziWTpFRpeJ/+Y15kYyZJcMQcubRIH3Y1hL/yA5IhlGdgXOMA==",
      "cpu": [
        "arm64"
      ],
      "dev": true,
      "optional": true,
      "os": [
        "darwin"
      ]
    },
    "node_modules/turbo-linux-64": {
      "version": "1.12.3",
      "resolved": "https://registry.npmjs.org/turbo-linux-64/-/turbo-linux-64-1.12.3.tgz",
      "integrity": "sha512-yUreU+/gq4vlBtcdyfjz7slwz4zM1RG8sSXvyHmAS+QXqSrGkegg4qLl2fRbv/c3EyA/XbfcZuD6tcrXkejr6g==",
      "cpu": [
        "x64"
      ],
      "dev": true,
      "optional": true,
      "os": [
        "linux"
      ]
    },
    "node_modules/turbo-linux-arm64": {
      "version": "1.12.3",
      "resolved": "https://registry.npmjs.org/turbo-linux-arm64/-/turbo-linux-arm64-1.12.3.tgz",
      "integrity": "sha512-XRwAsp2eRSqZmaMVNrmHoKqofeJMuD87zmefZLTRAObh38hIwKgyl2QRsJIbteob5RN77yFbv3lAJ36UIY5h7w==",
      "cpu": [
        "arm64"
      ],
      "dev": true,
      "optional": true,
      "os": [
        "linux"
      ]
    },
    "node_modules/turbo-windows-64": {
      "version": "1.12.3",
      "resolved": "https://registry.npmjs.org/turbo-windows-64/-/turbo-windows-64-1.12.3.tgz",
      "integrity": "sha512-CPnRfnUCtmFeShOtUdMCthySjmyHaoTyh9JueiYFvtCNeO3WfDMj63dpOQstQWHdJFYmIrIGfhAclcds9ePQYA==",
      "cpu": [
        "x64"
      ],
      "dev": true,
      "optional": true,
      "os": [
        "win32"
      ]
    },
    "node_modules/turbo-windows-arm64": {
      "version": "1.12.3",
      "resolved": "https://registry.npmjs.org/turbo-windows-arm64/-/turbo-windows-arm64-1.12.3.tgz",
      "integrity": "sha512-cYA/wlzvp4vlCNHYJ2AjNS3FLXWwUC/5CJompBkTeKFFB6AviE/iLkbIhFikCVSNXZk/3AGanpMUXIkt3bdlwg==",
      "cpu": [
        "arm64"
      ],
      "dev": true,
      "optional": true,
      "os": [
        "win32"
      ]
    }
  },
  "dependencies": {
    "prettier": {
      "version": "3.2.5",
      "resolved": "https://registry.npmjs.org/prettier/-/prettier-3.2.5.tgz",
      "integrity": "sha512-3/GWa9aOC0YeD7LUfvOG2NiDyhOWRvt1k+rcKhOuYnMY24iiCphgneUfJDyFXd6rZCAnuLBv6UeAULtrhT/F4A==",
      "dev": true
    },
    "turbo": {
      "version": "1.12.3",
      "resolved": "https://registry.npmjs.org/turbo/-/turbo-1.12.3.tgz",
      "integrity": "sha512-a6q8I0TK9ohACYbkmxzG/JYPuDC4VCvfmXLTlf321qQ4BIAhoyaOj/O2g+zJ6L1vNYnZ82G4LrbMfgLLngbLsg==",
      "dev": true,
      "requires": {
        "turbo-darwin-64": "1.12.3",
        "turbo-darwin-arm64": "1.12.3",
        "turbo-linux-64": "1.12.3",
        "turbo-linux-arm64": "1.12.3",
        "turbo-windows-64": "1.12.3",
        "turbo-windows-arm64": "1.12.3"
      }
    },
    "turbo-darwin-64": {
      "version": "1.12.3",
      "resolved": "https://registry.npmjs.org/turbo-darwin-64/-/turbo-darwin-64-1.12.3.tgz",
      "integrity": "sha512-dDglIaux+A4jOnB9CDH69sujmrnuLJLrKw1t3J+if6ySlFuxSwC++gDq9TVuOZo2+S7lFkGh+x5ytn3wp+jE8Q==",
      "dev": true,
      "optional": true
    },
    "turbo-darwin-arm64": {
      "version": "1.12.3",
      "resolved": "https://registry.npmjs.org/turbo-darwin-arm64/-/turbo-darwin-arm64-1.12.3.tgz",
      "integrity": "sha512-5TqqeujEyHMoVUWGzSzUl5ERSg7HDCdbU3gBs5ziWTpFRpeJ/+Y15kYyZJcMQcubRIH3Y1hL/yA5IhlGdgXOMA==",
      "dev": true,
      "optional": true
    },
    "turbo-linux-64": {
      "version": "1.12.3",
      "resolved": "https://registry.npmjs.org/turbo-linux-64/-/turbo-linux-64-1.12.3.tgz",
      "integrity": "sha512-yUreU+/gq4vlBtcdyfjz7slwz4zM1RG8sSXvyHmAS+QXqSrGkegg4qLl2fRbv/c3EyA/XbfcZuD6tcrXkejr6g==",
      "dev": true,
      "optional": true
    },
    "turbo-linux-arm64": {
      "version": "1.12.3",
      "resolved": "https://registry.npmjs.org/turbo-linux-arm64/-/turbo-linux-arm64-1.12.3.tgz",
      "integrity": "sha512-XRwAsp2eRSqZmaMVNrmHoKqofeJMuD87zmefZLTRAObh38hIwKgyl2QRsJIbteob5RN77yFbv3lAJ36UIY5h7w==",
      "dev": true,
      "optional": true
    },
    "turbo-windows-64": {
      "version": "1.12.3",
      "resolved": "https://registry.npmjs.org/turbo-windows-64/-/turbo-windows-64-1.12.3.tgz",
      "integrity": "sha512-CPnRfnUCtmFeShOtUdMCthySjmyHaoTyh9JueiYFvtCNeO3WfDMj63dpOQstQWHdJFYmIrIGfhAclcds9ePQYA==",
      "dev": true,
      "optional": true
    },
    "turbo-windows-arm64": {
      "version": "1.12.3",
      "resolved": "https://registry.npmjs.org/turbo-windows-arm64/-/turbo-windows-arm64-1.12.3.tgz",
      "integrity": "sha512-cYA/wlzvp4vlCNHYJ2AjNS3FLXWwUC/5CJompBkTeKFFB6AviE/iLkbIhFikCVSNXZk/3AGanpMUXIkt3bdlwg==",
      "dev": true,
      "optional": true
    }
  }
}
